
Microsoft Visual Studio Solution File, Format Version 12.00
# Visual Studio 15
VisualStudioVersion = 15.0.27004.2010
MinimumVisualStudioVersion = 10.0.40219.1
Project("{FAE04EC0-301F-11D3-BF4B-00C04F79EFBC}") = "SpireBarcodeScan", "SpireBarcodeScan\SpireBarcodeScan.csproj", "{2B3DB8E0-B164-4A44-8C96-35E7BB97E306}"
EndProject
Global
	GlobalSection(SolutionConfigurationPlatforms) = preSolution
		Debug|Any CPU = Debug|Any CPU
		Release|Any CPU = Release|Any CPU
	EndGlobalSection
	GlobalSection(ProjectConfigurationPlatforms) = postSolution
		{2B3DB8E0-B164-4A44-8C96-35E7BB97E306}.Debug|Any CPU.ActiveCfg = Debug|Any CPU
		{2B3DB8E0-B164-4A44-8C96-35E7BB97E306}.Debug|Any CPU.Build.0 = Debug|Any CPU
		{2B3DB8E0-B164-4A44-8C96-35E7BB97E306}.Release|Any CPU.ActiveCfg = Release|Any CPU
		{2B3DB8E0-B164-4A44-8C96-35E7BB97E306}.Release|Any CPU.Build.0 = Release|Any CPU
	EndGlobalSection
	GlobalSection(SolutionProperties) = preSolution
		HideSolutionNode = FALSE
	EndGlobalSection
	GlobalSection(ExtensibilityGlobals) = postSolution
		SolutionGuid = {51E1D0D0-D124-4197-B5A0-23E1FDBD62E9}
	EndGlobalSection
EndGlobal
